<?xml version="1.0" encoding="utf-8"?>
<Project ToolsVersion="4.0" xmlns="http://schemas.microsoft.com/developer/msbuild/2003">
  <ItemGroup>
    <ClCompile Include="..\..\se_sdk3\mp_sdk_audio.cpp">
      <Filter>sdk</Filter>
    </ClCompile>
    <ClCompile Include="..\..\se_sdk3\mp_sdk_common.cpp">
      <Filter>sdk</Filter>
    </ClCompile>
    <ClCompile Include="..\..\se_sdk3\mp_sdk_gui2.cpp">
      <Filter>sdk</Filter>
    </ClCompile>
    <ClCompile Include="..\..\se_sdk3\mp_sdk_gui.cpp">
      <Filter>sdk</Filter>
    </ClCompile>
    <ClCompile Include="VstFactory.cpp" />
    <ClCompile Include="..\..\shared\xp_dynamic_linking.cpp">
      <Filter>sdk</Filter>
    </ClCompile>
    <ClCompile Include="..\..\shared\FileFinder.cpp">
      <Filter>sdk</Filter>
    </ClCompile>
    <ClCompile Include="AaVstWrapperDiagGui.cpp" />
    <ClCompile Include="VstwrapperfailGui.cpp" />
    <ClCompile Include="..\..\..\SE15\SDKs\VST3_SDK\public.sdk\source\vst\hosting\module.cpp">
      <Filter>VST3_SDK</Filter>
    </ClCompile>
    <ClCompile Include="..\..\..\SE15\SDKs\VST3_SDK\public.sdk\source\vst\utility\stringconvert.cpp">
      <Filter>VST3_SDK</Filter>
    </ClCompile>
    <ClCompile Include="..\..\..\SE15\SDKs\VST3_SDK\pluginterfaces\base\coreiids.cpp">
      <Filter>VST3_SDK</Filter>
    </ClCompile>
    <ClCompile Include="..\..\..\SE15\SDKs\VST3_SDK\public.sdk\source\vst\hosting\module_win32.cpp">
      <Filter>VST3_SDK</Filter>
    </ClCompile>
    <ClCompile Include="..\..\..\SE15\SDKs\VST3_SDK\public.sdk\source\vst\hosting\plugprovider.cpp">
      <Filter>VST3_SDK</Filter>
    </ClCompile>
    <ClCompile Include="..\..\..\SE15\SDKs\VST3_SDK\base\source\fobject.cpp">
      <Filter>VST3_SDK</Filter>
    </ClCompile>
    <ClCompile Include="..\..\..\SE15\SDKs\VST3_SDK\public.sdk\source\vst\vstinitiids.cpp">
      <Filter>VST3_SDK</Filter>
    </ClCompile>
    <ClCompile Include="..\..\..\SE15\SDKs\VST3_SDK\pluginterfaces\base\funknown.cpp">
      <Filter>VST3_SDK</Filter>
    </ClCompile>
    <ClCompile Include="..\..\..\SE15\SDKs\VST3_SDK\public.sdk\source\vst\hosting\connectionproxy.cpp">
      <Filter>VST3_SDK</Filter>
    </ClCompile>
    <ClCompile Include="..\..\..\SE15\SDKs\VST3_SDK\base\source\fdebug.cpp">
      <Filter>VST3_SDK</Filter>
    </ClCompile>
    <ClCompile Include="..\..\..\SE15\SDKs\VST3_SDK\base\thread\source\flock.cpp">
      <Filter>VST3_SDK</Filter>
    </ClCompile>
    <ClCompile Include="..\..\..\SE15\SDKs\VST3_SDK\public.sdk\samples\vst-hosting\editorhost\source\editorhost.cpp">
      <Filter>VST3_SDK</Filter>
    </ClCompile>
    <ClCompile Include="..\..\..\SE15\SDKs\VST3_SDK\public.sdk\source\vst\hosting\hostclasses.cpp">
      <Filter>VST3_SDK</Filter>
    </ClCompile>
    <ClCompile Include="..\..\..\SE15\SDKs\VST3_SDK\base\source\fstring.cpp">
      <Filter>VST3_SDK</Filter>
    </ClCompile>
    <ClCompile Include="..\..\..\SE15\SDKs\VST3_SDK\public.sdk\source\common\commoniids.cpp">
      <Filter>VST3_SDK</Filter>
    </ClCompile>
    <ClCompile Include="..\..\..\SE15\SDKs\VST3_SDK\public.sdk\source\common\threadchecker_win32.cpp">
      <Filter>VST3_SDK</Filter>
    </ClCompile>
    <ClCompile Include="..\..\..\SE15\SDKs\VST3_SDK\public.sdk\source\vst\hosting\pluginterfacesupport.cpp">
      <Filter>VST3_SDK</Filter>
    </ClCompile>
    <ClCompile Include="..\..\..\SE15\SDKs\VST3_SDK\public.sdk\samples\vst-hosting\editorhost\source\platform\win32\platform.cpp">
      <Filter>VST3_SDK</Filter>
    </ClCompile>
    <ClCompile Include="..\..\..\SE15\SDKs\VST3_SDK\public.sdk\samples\vst-hosting\editorhost\source\platform\win32\window.cpp">
      <Filter>VST3_SDK</Filter>
    </ClCompile>
    <ClCompile Include="..\..\..\SE15\SDKs\VST3_SDK\base\source\baseiids.cpp">
      <Filter>VST3_SDK</Filter>
    </ClCompile>
    <ClCompile Include="ControllerWrapper.cpp" />
    <ClCompile Include="..\..\se_sdk3\TimerManager.cpp">
      <Filter>sdk</Filter>
    </ClCompile>
    <ClCompile Include="EditButtonGui.cpp" />
    <ClCompile Include="ProcessorWrapper.cpp" />
    <ClCompile Include="..\..\..\SE15\SDKs\VST3_SDK\public.sdk\source\vst\hosting\processdata.cpp">
      <Filter>VST3_SDK</Filter>
    </ClCompile>
    <ClCompile Include="WindowManager.cpp" />
    <ClCompile Include="Vst3ParamSet.cpp" />
  </ItemGroup>
  <ItemGroup>
    <ClInclude Include="resource.h">
      <Filter>Resources</Filter>
    </ClInclude>
    <ClInclude Include="..\..\se_sdk3\mp_sdk_audio.h">
      <Filter>sdk</Filter>
    </ClInclude>
    <ClInclude Include="..\..\se_sdk3\mp_sdk_common.h">
      <Filter>sdk</Filter>
    </ClInclude>
    <ClInclude Include="..\..\se_sdk3\mp_sdk_controller.h">
      <Filter>sdk</Filter>
    </ClInclude>
    <ClInclude Include="..\..\se_sdk3\mp_sdk_gui2.h">
      <Filter>sdk</Filter>
    </ClInclude>
    <ClInclude Include="..\..\se_sdk3\mp_sdk_gui.h">
      <Filter>sdk</Filter>
    </ClInclude>
    <ClInclude Include="VstFactory.h" />
    <ClInclude Include="..\..\shared\xp_dynamic_linking.h">
      <Filter>sdk</Filter>
    </ClInclude>
    <ClInclude Include="..\..\shared\FileFinder.h">
      <Filter>sdk</Filter>
    </ClInclude>
    <ClInclude Include="..\..\shared\string_utilities.h">
      <Filter>sdk</Filter>
    </ClInclude>
    <ClInclude Include="..\..\shared\unicode_conversion.h">
      <Filter>sdk</Filter>
    </ClInclude>
    <ClInclude Include="AaVstWrapperDiagGui.h" />
    <ClInclude Include="VstwrapperfailGui.h" />
    <ClInclude Include="..\..\..\SE15\SDKs\VST3_SDK\public.sdk\source\vst\hosting\module.h">
      <Filter>VST3_SDK</Filter>
    </ClInclude>
    <ClInclude Include="..\..\..\SE15\SDKs\VST3_SDK\public.sdk\source\vst\utility\stringconvert.h">
      <Filter>VST3_SDK</Filter>
    </ClInclude>
    <ClInclude Include="..\..\..\SE15\SDKs\VST3_SDK\public.sdk\source\vst\hosting\plugprovider.h">
      <Filter>VST3_SDK</Filter>
    </ClInclude>
    <ClInclude Include="..\..\..\SE15\SDKs\VST3_SDK\base\source\fobject.h">
      <Filter>VST3_SDK</Filter>
    </ClInclude>
    <ClInclude Include="..\..\..\SE15\SDKs\VST3_SDK\pluginterfaces\base\funknown.h">
      <Filter>VST3_SDK</Filter>
    </ClInclude>
    <ClInclude Include="..\..\..\SE15\SDKs\VST3_SDK\public.sdk\source\vst\hosting\connectionproxy.h">
      <Filter>VST3_SDK</Filter>
    </ClInclude>
    <ClInclude Include="..\..\..\SE15\SDKs\VST3_SDK\base\source\fdebug.h">
      <Filter>VST3_SDK</Filter>
    </ClInclude>
    <ClInclude Include="..\..\..\SE15\SDKs\VST3_SDK\public.sdk\samples\vst-hosting\editorhost\source\editorhost.h">
      <Filter>VST3_SDK</Filter>
    </ClInclude>
    <ClInclude Include="..\..\..\SE15\SDKs\VST3_SDK\public.sdk\source\vst\hosting\hostclasses.h">
      <Filter>VST3_SDK</Filter>
    </ClInclude>
    <ClInclude Include="..\..\..\SE15\SDKs\VST3_SDK\base\source\fstring.h">
      <Filter>VST3_SDK</Filter>
    </ClInclude>
    <ClInclude Include="..\..\..\SE15\SDKs\VST3_SDK\public.sdk\source\vst\hosting\pluginterfacesupport.h">
      <Filter>VST3_SDK</Filter>
    </ClInclude>
    <ClInclude Include="..\..\..\SE15\SDKs\VST3_SDK\public.sdk\samples\vst-hosting\editorhost\source\platform\win32\window.h">
      <Filter>VST3_SDK</Filter>
    </ClInclude>
    <ClInclude Include="ControllerWrapper.h" />
    <ClInclude Include="..\..\se_sdk3\TimerManager.h">
      <Filter>sdk</Filter>
    </ClInclude>
    <ClInclude Include="EditButtonGui.h" />
    <ClInclude Include="ProcessorWrapper.h" />
    <ClInclude Include="..\..\..\SE15\SDKs\VST3_SDK\public.sdk\source\vst\hosting\processdata.h">
      <Filter>VST3_SDK</Filter>
    </ClInclude>
    <ClInclude Include="WindowManager.h" />
  </ItemGroup>
  <ItemGroup>
    <None Include="Wrapper_vst3.xml" />
  </ItemGroup>
  <ItemGroup>
    <Filter Include="sdk">
      <UniqueIdentifier>{c70fc6f8-3abc-4fff-a436-8fb639a3e7fb}</UniqueIdentifier>
    </Filter>
    <Filter Include="Resources">
      <UniqueIdentifier>{15b5f461-63f5-4b31-88be-8130b6ec8068}</UniqueIdentifier>
    </Filter>
    <Filter Include="VST3_SDK">
      <UniqueIdentifier>{f45d1c60-9481-4565-9a28-8bb9ccf5ee43}</UniqueIdentifier>
    </Filter>
  </ItemGroup>
  <ItemGroup>
    <ResourceCompile Include="Wrapper_vst3.rc">
      <Filter>Resources</Filter>
    </ResourceCompile>
  </ItemGroup>
</Project>