
Microsoft Visual Studio Solution File, Format Version 12.00
# Visual Studio Version 16
VisualStudioVersion = 16.0.29911.84
MinimumVisualStudioVersion = 10.0.40219.1
Project("{8BC9CEB8-8B4A-11D0-8D11-00A0C91BC942}") = "Oscillator", "Oscillator3.vcxproj", "{ABC71C58-3FBD-4592-9CB2-1E3413D8E2CF}"
EndProject
Project("{8BC9CEB8-8B4A-11D0-8D11-00A0C91BC942}") = "TestModules", "..\TestModules\TestModules.vcxproj", "{FB6B6DC3-5CDB-4AE1-BA6B-148BAFDBEE1F}"
	ProjectSection(ProjectDependencies) = postProject
		{ABC71C58-3FBD-4592-9CB2-1E3413D8E2CF} = {ABC71C58-3FBD-4592-9CB2-1E3413D8E2CF}
	EndProjectSection
EndProject
Global
	GlobalSection(SolutionConfigurationPlatforms) = preSolution
		Debug|x64 = Debug|x64
		Debug|x86 = Debug|x86
		Release|x64 = Release|x64
		Release|x86 = Release|x86
	EndGlobalSection
	GlobalSection(ProjectConfigurationPlatforms) = postSolution
		{ABC71C58-3FBD-4592-9CB2-1E3413D8E2CF}.Debug|x64.ActiveCfg = Debug|x64
		{ABC71C58-3FBD-4592-9CB2-1E3413D8E2CF}.Debug|x64.Build.0 = Debug|x64
		{ABC71C58-3FBD-4592-9CB2-1E3413D8E2CF}.Debug|x86.ActiveCfg = Debug|Win32
		{ABC71C58-3FBD-4592-9CB2-1E3413D8E2CF}.Debug|x86.Build.0 = Debug|Win32
		{ABC71C58-3FBD-4592-9CB2-1E3413D8E2CF}.Release|x64.ActiveCfg = Release|x64
		{ABC71C58-3FBD-4592-9CB2-1E3413D8E2CF}.Release|x64.Build.0 = Release|x64
		{ABC71C58-3FBD-4592-9CB2-1E3413D8E2CF}.Release|x86.ActiveCfg = Release|Win32
		{ABC71C58-3FBD-4592-9CB2-1E3413D8E2CF}.Release|x86.Build.0 = Release|Win32
		{FB6B6DC3-5CDB-4AE1-BA6B-148BAFDBEE1F}.Debug|x64.ActiveCfg = Debug|x64
		{FB6B6DC3-5CDB-4AE1-BA6B-148BAFDBEE1F}.Debug|x64.Build.0 = Debug|x64
		{FB6B6DC3-5CDB-4AE1-BA6B-148BAFDBEE1F}.Debug|x86.ActiveCfg = Debug|Win32
		{FB6B6DC3-5CDB-4AE1-BA6B-148BAFDBEE1F}.Debug|x86.Build.0 = Debug|Win32
		{FB6B6DC3-5CDB-4AE1-BA6B-148BAFDBEE1F}.Release|x64.ActiveCfg = Release|x64
		{FB6B6DC3-5CDB-4AE1-BA6B-148BAFDBEE1F}.Release|x64.Build.0 = Release|x64
		{FB6B6DC3-5CDB-4AE1-BA6B-148BAFDBEE1F}.Release|x86.ActiveCfg = Release|Win32
		{FB6B6DC3-5CDB-4AE1-BA6B-148BAFDBEE1F}.Release|x86.Build.0 = Release|Win32
	EndGlobalSection
	GlobalSection(SolutionProperties) = preSolution
		HideSolutionNode = FALSE
	EndGlobalSection
	GlobalSection(ExtensibilityGlobals) = postSolution
		SolutionGuid = {3C247377-76C4-4FCA-A4C7-CFB3BA8D0323}
	EndGlobalSection
EndGlobal
