
Microsoft Visual Studio Solution File, Format Version 12.00
# Visual Studio Version 16
VisualStudioVersion = 16.0.32002.261
MinimumVisualStudioVersion = 10.0.40219.1
Project("{8BC9CEB8-8B4A-11D0-8D11-00A0C91BC942}") = "Dynamics", "Dynamics.vcxproj", "{2CCD48DF-753D-4E7A-B100-5A19664C0C56}"
EndProject
Global
	GlobalSection(SolutionConfigurationPlatforms) = preSolution
		Debug|x64 = Debug|x64
		Debug|x86 = Debug|x86
		Eyal Debug|x64 = Eyal Debug|x64
		Eyal Debug|x86 = Eyal Debug|x86
		Eyal Release|x64 = Eyal Release|x64
		Eyal Release|x86 = Eyal Release|x86
		Release|x64 = Release|x64
		Release|x86 = Release|x86
		Slap Bass Only Debug|x64 = Slap Bass Only Debug|x64
		Slap Bass Only Debug|x86 = Slap Bass Only Debug|x86
	EndGlobalSection
	GlobalSection(ProjectConfigurationPlatforms) = postSolution
		{2CCD48DF-753D-4E7A-B100-5A19664C0C56}.Debug|x64.ActiveCfg = Debug|x64
		{2CCD48DF-753D-4E7A-B100-5A19664C0C56}.Debug|x64.Build.0 = Debug|x64
		{2CCD48DF-753D-4E7A-B100-5A19664C0C56}.Debug|x86.ActiveCfg = Debug|Win32
		{2CCD48DF-753D-4E7A-B100-5A19664C0C56}.Debug|x86.Build.0 = Debug|Win32
		{2CCD48DF-753D-4E7A-B100-5A19664C0C56}.Eyal Debug|x64.ActiveCfg = Eyal Debug|x64
		{2CCD48DF-753D-4E7A-B100-5A19664C0C56}.Eyal Debug|x64.Build.0 = Eyal Debug|x64
		{2CCD48DF-753D-4E7A-B100-5A19664C0C56}.Eyal Debug|x86.ActiveCfg = Eyal Debug|Win32
		{2CCD48DF-753D-4E7A-B100-5A19664C0C56}.Eyal Debug|x86.Build.0 = Eyal Debug|Win32
		{2CCD48DF-753D-4E7A-B100-5A19664C0C56}.Eyal Release|x64.ActiveCfg = Eyal Release|x64
		{2CCD48DF-753D-4E7A-B100-5A19664C0C56}.Eyal Release|x64.Build.0 = Eyal Release|x64
		{2CCD48DF-753D-4E7A-B100-5A19664C0C56}.Eyal Release|x86.ActiveCfg = Eyal Release|Win32
		{2CCD48DF-753D-4E7A-B100-5A19664C0C56}.Eyal Release|x86.Build.0 = Eyal Release|Win32
		{2CCD48DF-753D-4E7A-B100-5A19664C0C56}.Release|x64.ActiveCfg = Release|x64
		{2CCD48DF-753D-4E7A-B100-5A19664C0C56}.Release|x64.Build.0 = Release|x64
		{2CCD48DF-753D-4E7A-B100-5A19664C0C56}.Release|x86.ActiveCfg = Release|Win32
		{2CCD48DF-753D-4E7A-B100-5A19664C0C56}.Release|x86.Build.0 = Release|Win32
		{2CCD48DF-753D-4E7A-B100-5A19664C0C56}.Slap Bass Only Debug|x64.ActiveCfg = Slap Bass Only Debug|x64
		{2CCD48DF-753D-4E7A-B100-5A19664C0C56}.Slap Bass Only Debug|x64.Build.0 = Slap Bass Only Debug|x64
		{2CCD48DF-753D-4E7A-B100-5A19664C0C56}.Slap Bass Only Debug|x86.ActiveCfg = Slap Bass Only Debug|Win32
		{2CCD48DF-753D-4E7A-B100-5A19664C0C56}.Slap Bass Only Debug|x86.Build.0 = Slap Bass Only Debug|Win32
	EndGlobalSection
	GlobalSection(SolutionProperties) = preSolution
		HideSolutionNode = FALSE
	EndGlobalSection
	GlobalSection(ExtensibilityGlobals) = postSolution
		SolutionGuid = {9059E37E-D660-44E7-A751-F0D6D84F0F05}
	EndGlobalSection
EndGlobal
